
Microsoft Visual Studio Solution File, Format Version 12.00
# Visual Studio Version 16
VisualStudioVersion = 16.0.29025.244
MinimumVisualStudioVersion = 10.0.40219.1
Project("{FAE04EC0-301F-11D3-BF4B-00C04F79EFBC}") = "ETWPM2Monitor2", "ETWPM2Monitor2\ETWPM2Monitor2.csproj", "{56334E4E-18A5-4D35-90DC-065EB0A46674}"
EndProject
Global
	GlobalSection(SolutionConfigurationPlatforms) = preSolution
		Debug|Any CPU = Debug|Any CPU
		Release|Any CPU = Release|Any CPU
	EndGlobalSection
	GlobalSection(ProjectConfigurationPlatforms) = postSolution
		{56334E4E-18A5-4D35-90DC-065EB0A46674}.Debug|Any CPU.ActiveCfg = Debug|Any CPU
		{56334E4E-18A5-4D35-90DC-065EB0A46674}.Debug|Any CPU.Build.0 = Debug|Any CPU
		{56334E4E-18A5-4D35-90DC-065EB0A46674}.Release|Any CPU.ActiveCfg = Release|Any CPU
		{56334E4E-18A5-4D35-90DC-065EB0A46674}.Release|Any CPU.Build.0 = Release|Any CPU
	EndGlobalSection
	GlobalSection(SolutionProperties) = preSolution
		HideSolutionNode = FALSE
	EndGlobalSection
	GlobalSection(ExtensibilityGlobals) = postSolution
		SolutionGuid = {63232BBA-36F3-4B05-8D58-EA3E765BF6F5}
	EndGlobalSection
EndGlobal
