
Microsoft Visual Studio Solution File, Format Version 12.00
# Visual Studio Version 16
VisualStudioVersion = 16.0.29025.244
MinimumVisualStudioVersion = 10.0.40219.1
Project("{FAE04EC0-301F-11D3-BF4B-00C04F79EFBC}") = "ETWPM2Monitor", "ETWPM2Monitor\ETWPM2Monitor.csproj", "{9BB5A051-1BA7-4DA1-B001-BF0D50F6F6B7}"
EndProject
Global
	GlobalSection(SolutionConfigurationPlatforms) = preSolution
		Debug|Any CPU = Debug|Any CPU
		Release|Any CPU = Release|Any CPU
	EndGlobalSection
	GlobalSection(ProjectConfigurationPlatforms) = postSolution
		{9BB5A051-1BA7-4DA1-B001-BF0D50F6F6B7}.Debug|Any CPU.ActiveCfg = Debug|Any CPU
		{9BB5A051-1BA7-4DA1-B001-BF0D50F6F6B7}.Debug|Any CPU.Build.0 = Debug|Any CPU
		{9BB5A051-1BA7-4DA1-B001-BF0D50F6F6B7}.Release|Any CPU.ActiveCfg = Release|Any CPU
		{9BB5A051-1BA7-4DA1-B001-BF0D50F6F6B7}.Release|Any CPU.Build.0 = Release|Any CPU
	EndGlobalSection
	GlobalSection(SolutionProperties) = preSolution
		HideSolutionNode = FALSE
	EndGlobalSection
	GlobalSection(ExtensibilityGlobals) = postSolution
		SolutionGuid = {001F7B5F-B2F3-45F2-8FD8-16E00BA05DFB}
	EndGlobalSection
EndGlobal
