
Microsoft Visual Studio Solution File, Format Version 12.00
# Visual Studio Version 16
VisualStudioVersion = 16.0.29025.244
MinimumVisualStudioVersion = 10.0.40219.1
Project("{FAE04EC0-301F-11D3-BF4B-00C04F79EFBC}") = "ETWProcessMon", "ETWProcessMon\ETWProcessMon.csproj", "{879F5675-3E2D-45AD-98BB-8C1BF4621B85}"
EndProject
Global
	GlobalSection(SolutionConfigurationPlatforms) = preSolution
		Debug|Any CPU = Debug|Any CPU
		Release|Any CPU = Release|Any CPU
	EndGlobalSection
	GlobalSection(ProjectConfigurationPlatforms) = postSolution
		{879F5675-3E2D-45AD-98BB-8C1BF4621B85}.Debug|Any CPU.ActiveCfg = Debug|Any CPU
		{879F5675-3E2D-45AD-98BB-8C1BF4621B85}.Debug|Any CPU.Build.0 = Debug|Any CPU
		{879F5675-3E2D-45AD-98BB-8C1BF4621B85}.Release|Any CPU.ActiveCfg = Release|Any CPU
		{879F5675-3E2D-45AD-98BB-8C1BF4621B85}.Release|Any CPU.Build.0 = Release|Any CPU
	EndGlobalSection
	GlobalSection(SolutionProperties) = preSolution
		HideSolutionNode = FALSE
	EndGlobalSection
	GlobalSection(ExtensibilityGlobals) = postSolution
		SolutionGuid = {55D76DE7-6A43-4E66-BFCB-E753A2444EB2}
	EndGlobalSection
EndGlobal
